
Microsoft Visual Studio Solution File, Format Version 12.00
# Visual Studio Version 16
VisualStudioVersion = 16.0.32126.315
MinimumVisualStudioVersion = 10.0.40219.1
Project("{FAE04EC0-301F-11D3-BF4B-00C04F79EFBC}") = "Lab1", "Lab1\Lab1.csproj", "{FD1A231C-750F-42EB-BB9C-0874D18068D5}"
EndProject
Global
	GlobalSection(SolutionConfigurationPlatforms) = preSolution
		Debug|Any CPU = Debug|Any CPU
		Release|Any CPU = Release|Any CPU
	EndGlobalSection
	GlobalSection(ProjectConfigurationPlatforms) = postSolution
		{FD1A231C-750F-42EB-BB9C-0874D18068D5}.Debug|Any CPU.ActiveCfg = Debug|Any CPU
		{FD1A231C-750F-42EB-BB9C-0874D18068D5}.Debug|Any CPU.Build.0 = Debug|Any CPU
		{FD1A231C-750F-42EB-BB9C-0874D18068D5}.Release|Any CPU.ActiveCfg = Release|Any CPU
		{FD1A231C-750F-42EB-BB9C-0874D18068D5}.Release|Any CPU.Build.0 = Release|Any CPU
	EndGlobalSection
	GlobalSection(SolutionProperties) = preSolution
		HideSolutionNode = FALSE
	EndGlobalSection
	GlobalSection(ExtensibilityGlobals) = postSolution
		SolutionGuid = {96C5CAF0-0E9C-4A6A-A811-6D6AB63DED3F}
	EndGlobalSection
EndGlobal
